
Microsoft Visual Studio Solution File, Format Version 12.00
# Visual Studio 15
VisualStudioVersion = 15.0.28307.168
MinimumVisualStudioVersion = 10.0.40219.1
Project("{9A19103F-16F7-4668-BE54-9A1E7A4F7556}") = "MyFirstMVC", "MyFirstMVC\MyFirstMVC.csproj", "{8D1558FE-0EBA-4B9A-979C-7F885B92C5F5}"
EndProject
Project("{2150E333-8FDC-42A3-9474-1A3956D46DE8}") = "Assets", "Assets", "{86D9E59C-EA1C-4EC3-8401-06C4E61A11FD}"
EndProject
Global
	GlobalSection(SolutionConfigurationPlatforms) = preSolution
		Debug|Any CPU = Debug|Any CPU
		Release|Any CPU = Release|Any CPU
	EndGlobalSection
	GlobalSection(ProjectConfigurationPlatforms) = postSolution
		{8D1558FE-0EBA-4B9A-979C-7F885B92C5F5}.Debug|Any CPU.ActiveCfg = Debug|Any CPU
		{8D1558FE-0EBA-4B9A-979C-7F885B92C5F5}.Debug|Any CPU.Build.0 = Debug|Any CPU
		{8D1558FE-0EBA-4B9A-979C-7F885B92C5F5}.Release|Any CPU.ActiveCfg = Release|Any CPU
		{8D1558FE-0EBA-4B9A-979C-7F885B92C5F5}.Release|Any CPU.Build.0 = Release|Any CPU
	EndGlobalSection
	GlobalSection(SolutionProperties) = preSolution
		HideSolutionNode = FALSE
	EndGlobalSection
	GlobalSection(ExtensibilityGlobals) = postSolution
		SolutionGuid = {7827F31D-5E0A-47B6-982D-1BE560098C59}
	EndGlobalSection
EndGlobal
